
Microsoft Visual Studio Solution File, Format Version 12.00
Project("{FAE04EC0-301F-11D3-BF4B-00C04F79EFBC}") = "Sanchez", "Sanchez\Sanchez.csproj", "{3C6C8AD3-1783-4DC2-A6FA-C6C1B9D7E317}"
EndProject
Project("{FAE04EC0-301F-11D3-BF4B-00C04F79EFBC}") = "Sanchez.Workflow", "Sanchez.Workflow\Sanchez.Workflow.csproj", "{95846D22-3390-4EE6-8E37-9CCC5E4724B7}"
EndProject
Project("{FAE04EC0-301F-11D3-BF4B-00C04F79EFBC}") = "Sanchez.Processing", "Sanchez.Processing\Sanchez.Processing.csproj", "{9B75CF92-BFD0-4D0F-BDAE-F49419CB730D}"
EndProject
Project("{2150E333-8FDC-42A3-9474-1A3956D46DE8}") = "Core", "Core", "{229C3257-9089-4C5C-B541-635F71571C5E}"
EndProject
Project("{FAE04EC0-301F-11D3-BF4B-00C04F79EFBC}") = "Sanchez.Test", "Tests\Sanchez.Test\Sanchez.Test.csproj", "{22461DD1-56CF-4269-A5D7-5470E65F8C28}"
EndProject
Project("{2150E333-8FDC-42A3-9474-1A3956D46DE8}") = "Tests", "Tests", "{915C94AC-11AD-45AE-B0DD-C7550333ED20}"
EndProject
Project("{FAE04EC0-301F-11D3-BF4B-00C04F79EFBC}") = "Sanchez.Processing.Test", "Tests\Sanchez.Processing.Test\Sanchez.Processing.Test.csproj", "{6FB47313-3E11-4797-96BB-721A738B29CC}"
EndProject
Project("{FAE04EC0-301F-11D3-BF4B-00C04F79EFBC}") = "Sanchez.Test.Common", "Tests\Sanchez.Test.Common\Sanchez.Test.Common.csproj", "{0C7262B8-A724-444B-B841-B51BA22F7148}"
EndProject
Project("{FAE04EC0-301F-11D3-BF4B-00C04F79EFBC}") = "Sanchez.Workflow.Test", "Tests\Sanchez.Workflow.Test\Sanchez.Workflow.Test.csproj", "{20B7AFEC-00B8-4BBD-BA32-A604643C0B28}"
EndProject
Project("{2150E333-8FDC-42A3-9474-1A3956D46DE8}") = "Build", "Build", "{9F1B3718-DEC3-4E24-8280-47B3CD3BB646}"
	ProjectSection(SolutionItems) = preProject
		.gitignore = .gitignore
		CODE_OF_CONDUCT.md = CODE_OF_CONDUCT.md
		Directory.Build.props = Directory.Build.props
		LICENSE = LICENSE
		README.md = README.md
		Directory.Packages.props = Directory.Packages.props
		Directory.Build.Test.props = Directory.Build.Test.props
	EndProjectSection
EndProject
Global
	GlobalSection(SolutionConfigurationPlatforms) = preSolution
		Debug|Any CPU = Debug|Any CPU
		Release|Any CPU = Release|Any CPU
	EndGlobalSection
	GlobalSection(ProjectConfigurationPlatforms) = postSolution
		{3C6C8AD3-1783-4DC2-A6FA-C6C1B9D7E317}.Debug|Any CPU.ActiveCfg = Debug|Any CPU
		{3C6C8AD3-1783-4DC2-A6FA-C6C1B9D7E317}.Debug|Any CPU.Build.0 = Debug|Any CPU
		{3C6C8AD3-1783-4DC2-A6FA-C6C1B9D7E317}.Release|Any CPU.ActiveCfg = Release|Any CPU
		{3C6C8AD3-1783-4DC2-A6FA-C6C1B9D7E317}.Release|Any CPU.Build.0 = Release|Any CPU
		{95846D22-3390-4EE6-8E37-9CCC5E4724B7}.Debug|Any CPU.ActiveCfg = Debug|Any CPU
		{95846D22-3390-4EE6-8E37-9CCC5E4724B7}.Debug|Any CPU.Build.0 = Debug|Any CPU
		{95846D22-3390-4EE6-8E37-9CCC5E4724B7}.Release|Any CPU.ActiveCfg = Release|Any CPU
		{95846D22-3390-4EE6-8E37-9CCC5E4724B7}.Release|Any CPU.Build.0 = Release|Any CPU
		{9B75CF92-BFD0-4D0F-BDAE-F49419CB730D}.Debug|Any CPU.ActiveCfg = Debug|Any CPU
		{9B75CF92-BFD0-4D0F-BDAE-F49419CB730D}.Debug|Any CPU.Build.0 = Debug|Any CPU
		{9B75CF92-BFD0-4D0F-BDAE-F49419CB730D}.Release|Any CPU.ActiveCfg = Release|Any CPU
		{9B75CF92-BFD0-4D0F-BDAE-F49419CB730D}.Release|Any CPU.Build.0 = Release|Any CPU
		{22461DD1-56CF-4269-A5D7-5470E65F8C28}.Debug|Any CPU.ActiveCfg = Debug|Any CPU
		{22461DD1-56CF-4269-A5D7-5470E65F8C28}.Debug|Any CPU.Build.0 = Debug|Any CPU
		{22461DD1-56CF-4269-A5D7-5470E65F8C28}.Release|Any CPU.ActiveCfg = Release|Any CPU
		{22461DD1-56CF-4269-A5D7-5470E65F8C28}.Release|Any CPU.Build.0 = Release|Any CPU
		{6FB47313-3E11-4797-96BB-721A738B29CC}.Debug|Any CPU.ActiveCfg = Debug|Any CPU
		{6FB47313-3E11-4797-96BB-721A738B29CC}.Debug|Any CPU.Build.0 = Debug|Any CPU
		{6FB47313-3E11-4797-96BB-721A738B29CC}.Release|Any CPU.ActiveCfg = Release|Any CPU
		{6FB47313-3E11-4797-96BB-721A738B29CC}.Release|Any CPU.Build.0 = Release|Any CPU
		{0C7262B8-A724-444B-B841-B51BA22F7148}.Debug|Any CPU.ActiveCfg = Debug|Any CPU
		{0C7262B8-A724-444B-B841-B51BA22F7148}.Debug|Any CPU.Build.0 = Debug|Any CPU
		{0C7262B8-A724-444B-B841-B51BA22F7148}.Release|Any CPU.ActiveCfg = Release|Any CPU
		{0C7262B8-A724-444B-B841-B51BA22F7148}.Release|Any CPU.Build.0 = Release|Any CPU
		{20B7AFEC-00B8-4BBD-BA32-A604643C0B28}.Debug|Any CPU.ActiveCfg = Debug|Any CPU
		{20B7AFEC-00B8-4BBD-BA32-A604643C0B28}.Debug|Any CPU.Build.0 = Debug|Any CPU
		{20B7AFEC-00B8-4BBD-BA32-A604643C0B28}.Release|Any CPU.ActiveCfg = Release|Any CPU
		{20B7AFEC-00B8-4BBD-BA32-A604643C0B28}.Release|Any CPU.Build.0 = Release|Any CPU
	EndGlobalSection
	GlobalSection(NestedProjects) = preSolution
		{9B75CF92-BFD0-4D0F-BDAE-F49419CB730D} = {229C3257-9089-4C5C-B541-635F71571C5E}
		{95846D22-3390-4EE6-8E37-9CCC5E4724B7} = {229C3257-9089-4C5C-B541-635F71571C5E}
		{22461DD1-56CF-4269-A5D7-5470E65F8C28} = {915C94AC-11AD-45AE-B0DD-C7550333ED20}
		{6FB47313-3E11-4797-96BB-721A738B29CC} = {915C94AC-11AD-45AE-B0DD-C7550333ED20}
		{0C7262B8-A724-444B-B841-B51BA22F7148} = {915C94AC-11AD-45AE-B0DD-C7550333ED20}
		{20B7AFEC-00B8-4BBD-BA32-A604643C0B28} = {915C94AC-11AD-45AE-B0DD-C7550333ED20}
	EndGlobalSection
EndGlobal
